// !$*UTF8*$!
{
	archiveVersion = 1;
	classes = {
	};
	objectVersion = 50;
	objects = {

/* Begin PBXBuildFile section */
		1C1DB84522295D11001759FF /* AppDelegate.swift in Sources */ = {isa = PBXBuildFile; fileRef = 1C1DB84422295D11001759FF /* AppDelegate.swift */; };
		1C1DB84C22295D11001759FF /* Main.storyboard in Resources */ = {isa = PBXBuildFile; fileRef = 1C1DB84A22295D11001759FF /* Main.storyboard */; };
		1C1DB84E22295D16001759FF /* Assets.xcassets in Resources */ = {isa = PBXBuildFile; fileRef = 1C1DB84D22295D16001759FF /* Assets.xcassets */; };
		1C1DB85122295D16001759FF /* LaunchScreen.storyboard in Resources */ = {isa = PBXBuildFile; fileRef = 1C1DB84F22295D16001759FF /* LaunchScreen.storyboard */; };
		1C1DB85B22295D75001759FF /* Player.swift in Sources */ = {isa = PBXBuildFile; fileRef = 1C1DB85A22295D75001759FF /* Player.swift */; };
		1C1DB85E22295DFC001759FF /* playerLibTableViewController.swift in Sources */ = {isa = PBXBuildFile; fileRef = 1C1DB85D22295DFC001759FF /* playerLibTableViewController.swift */; };
		1C1DB86022295E24001759FF /* newPlayerViewController.swift in Sources */ = {isa = PBXBuildFile; fileRef = 1C1DB85F22295E24001759FF /* newPlayerViewController.swift */; };
		1C1DB86422295E95001759FF /* playerProfileTableViewCell.swift in Sources */ = {isa = PBXBuildFile; fileRef = 1C1DB86322295E95001759FF /* playerProfileTableViewCell.swift */; };
		1C1DB86622295F26001759FF /* gameMenuViewController.swift in Sources */ = {isa = PBXBuildFile; fileRef = 1C1DB86522295F26001759FF /* gameMenuViewController.swift */; };
		1C47A3A522393FC800A927CE /* death.png in Resources */ = {isa = PBXBuildFile; fileRef = 1C47A3A422393FC700A927CE /* death.png */; };
		1C47A3B2223942C000A927CE /* Fortune Teller.png in Resources */ = {isa = PBXBuildFile; fileRef = 1C47A3A6223942BD00A927CE /* Fortune Teller.png */; };
		1C47A3B3223942C000A927CE /* Druid.png in Resources */ = {isa = PBXBuildFile; fileRef = 1C47A3A7223942BD00A927CE /* Druid.png */; };
		1C47A3B4223942C000A927CE /* Jolly Roger.png in Resources */ = {isa = PBXBuildFile; fileRef = 1C47A3A8223942BE00A927CE /* Jolly Roger.png */; };
		1C47A3B6223942C000A927CE /* Crusader.png in Resources */ = {isa = PBXBuildFile; fileRef = 1C47A3AA223942BF00A927CE /* Crusader.png */; };
		1C47A3B7223942C000A927CE /* Werewolf.png in Resources */ = {isa = PBXBuildFile; fileRef = 1C47A3AB223942BF00A927CE /* Werewolf.png */; };
		1C47A3B8223942C000A927CE /* Goul.png in Resources */ = {isa = PBXBuildFile; fileRef = 1C47A3AC223942BF00A927CE /* Goul.png */; };
		1C47A3B9223942C000A927CE /* Tinker.png in Resources */ = {isa = PBXBuildFile; fileRef = 1C47A3AD223942BF00A927CE /* Tinker.png */; };
		1C47A3BA223942C000A927CE /* Virgin.png in Resources */ = {isa = PBXBuildFile; fileRef = 1C47A3AE223942C000A927CE /* Virgin.png */; };
		1C47A3BB223942C000A927CE /* Villager.png in Resources */ = {isa = PBXBuildFile; fileRef = 1C47A3AF223942C000A927CE /* Villager.png */; };
		1C47A3BC223942C000A927CE /* Sucubus.png in Resources */ = {isa = PBXBuildFile; fileRef = 1C47A3B0223942C000A927CE /* Sucubus.png */; };
		1C47A3BD223942C000A927CE /* Chaman.png in Resources */ = {isa = PBXBuildFile; fileRef = 1C47A3B1223942C000A927CE /* Chaman.png */; };
		1C47A3BF2239432B00A927CE /* Dracula.png in Resources */ = {isa = PBXBuildFile; fileRef = 1C47A3BE2239432B00A927CE /* Dracula.png */; };
		1C47A3C12239433300A927CE /* Vampire.png in Resources */ = {isa = PBXBuildFile; fileRef = 1C47A3C02239433300A927CE /* Vampire.png */; };
		1C47A3C32239467900A927CE /* Happy Trigger.png in Resources */ = {isa = PBXBuildFile; fileRef = 1C47A3C22239467900A927CE /* Happy Trigger.png */; };
		1C47A3C52239468200A927CE /* Little Boy.png in Resources */ = {isa = PBXBuildFile; fileRef = 1C47A3C42239468200A927CE /* Little Boy.png */; };
		1C47A3C72239468800A927CE /* Priest.png in Resources */ = {isa = PBXBuildFile; fileRef = 1C47A3C62239468700A927CE /* Priest.png */; };
		1C47A3C92239469100A927CE /* Carpenter.png in Resources */ = {isa = PBXBuildFile; fileRef = 1C47A3C82239469000A927CE /* Carpenter.png */; };
		1C47A3CB2239469800A927CE /* Trader.png in Resources */ = {isa = PBXBuildFile; fileRef = 1C47A3CA2239469800A927CE /* Trader.png */; };
		1C47A3CF223C0F1200A927CE /* selectedPlayersForGameSessionTableViewController.swift in Sources */ = {isa = PBXBuildFile; fileRef = 1C47A3CE223C0F1200A927CE /* selectedPlayersForGameSessionTableViewController.swift */; };
		1C47A3D1223C104A00A927CE /* selectedPlayersForGameSessionTableViewCell.swift in Sources */ = {isa = PBXBuildFile; fileRef = 1C47A3D0223C104A00A927CE /* selectedPlayersForGameSessionTableViewCell.swift */; };
		1C47A3D3223C227700A927CE /* add.png in Resources */ = {isa = PBXBuildFile; fileRef = 1C47A3D2223C227600A927CE /* add.png */; };
		1CB436282236E1D50052C59F /* playebleROlesTableViewController.swift in Sources */ = {isa = PBXBuildFile; fileRef = 1CB436272236E1D50052C59F /* playebleROlesTableViewController.swift */; };
		1CB4362A2236E5240052C59F /* PlayableRolesTableViewCell.swift in Sources */ = {isa = PBXBuildFile; fileRef = 1CB436292236E5240052C59F /* PlayableRolesTableViewCell.swift */; };
		1CDFFF962232660700232283 /* player-1.png in Resources */ = {isa = PBXBuildFile; fileRef = 1CDFFF952232660700232283 /* player-1.png */; };
		EC559D77BF95A4F6CF2EC007 /* Pods_testPlayerRealmAndChamelem.framework in Frameworks */ = {isa = PBXBuildFile; fileRef = 9AD1E0BA12AFF1B0991FEEC7 /* Pods_testPlayerRealmAndChamelem.framework */; };
/* End PBXBuildFile section */

/* Begin PBXFileReference section */
		1C1DB84122295D11001759FF /* testPlayerRealmAndChamelem.app */ = {isa = PBXFileReference; explicitFileType = wrapper.application; includeInIndex = 0; path = testPlayerRealmAndChamelem.app; sourceTree = BUILT_PRODUCTS_DIR; };
		1C1DB84422295D11001759FF /* AppDelegate.swift */ = {isa = PBXFileReference; lastKnownFileType = sourcecode.swift; path = AppDelegate.swift; sourceTree = "<group>"; };
		1C1DB84B22295D11001759FF /* Base */ = {isa = PBXFileReference; lastKnownFileType = file.storyboard; name = Base; path = Base.lproj/Main.storyboard; sourceTree = "<group>"; };
		1C1DB84D22295D16001759FF /* Assets.xcassets */ = {isa = PBXFileReference; lastKnownFileType = folder.assetcatalog; path = Assets.xcassets; sourceTree = "<group>"; };
		1C1DB85022295D16001759FF /* Base */ = {isa = PBXFileReference; lastKnownFileType = file.storyboard; name = Base; path = Base.lproj/LaunchScreen.storyboard; sourceTree = "<group>"; };
		1C1DB85222295D16001759FF /* Info.plist */ = {isa = PBXFileReference; lastKnownFileType = text.plist.xml; path = Info.plist; sourceTree = "<group>"; };
		1C1DB85A22295D75001759FF /* Player.swift */ = {isa = PBXFileReference; lastKnownFileType = sourcecode.swift; path = Player.swift; sourceTree = "<group>"; };
		1C1DB85D22295DFC001759FF /* playerLibTableViewController.swift */ = {isa = PBXFileReference; lastKnownFileType = sourcecode.swift; path = playerLibTableViewController.swift; sourceTree = "<group>"; };
		1C1DB85F22295E24001759FF /* newPlayerViewController.swift */ = {isa = PBXFileReference; lastKnownFileType = sourcecode.swift; path = newPlayerViewController.swift; sourceTree = "<group>"; };
		1C1DB86322295E95001759FF /* playerProfileTableViewCell.swift */ = {isa = PBXFileReference; lastKnownFileType = sourcecode.swift; path = playerProfileTableViewCell.swift; sourceTree = "<group>"; };
		1C1DB86522295F26001759FF /* gameMenuViewController.swift */ = {isa = PBXFileReference; lastKnownFileType = sourcecode.swift; path = gameMenuViewController.swift; sourceTree = "<group>"; };
		1C47A3A422393FC700A927CE /* death.png */ = {isa = PBXFileReference; lastKnownFileType = image.png; path = death.png; sourceTree = "<group>"; };
		1C47A3A6223942BD00A927CE /* Fortune Teller.png */ = {isa = PBXFileReference; lastKnownFileType = image.png; path = "Fortune Teller.png"; sourceTree = "<group>"; };
		1C47A3A7223942BD00A927CE /* Druid.png */ = {isa = PBXFileReference; lastKnownFileType = image.png; path = Druid.png; sourceTree = "<group>"; };
		1C47A3A8223942BE00A927CE /* Jolly Roger.png */ = {isa = PBXFileReference; lastKnownFileType = image.png; path = "Jolly Roger.png"; sourceTree = "<group>"; };
		1C47A3AA223942BF00A927CE /* Crusader.png */ = {isa = PBXFileReference; lastKnownFileType = image.png; path = Crusader.png; sourceTree = "<group>"; };
		1C47A3AB223942BF00A927CE /* Werewolf.png */ = {isa = PBXFileReference; lastKnownFileType = image.png; path = Werewolf.png; sourceTree = "<group>"; };
		1C47A3AC223942BF00A927CE /* Goul.png */ = {isa = PBXFileReference; lastKnownFileType = image.png; path = Goul.png; sourceTree = "<group>"; };
		1C47A3AD223942BF00A927CE /* Tinker.png */ = {isa = PBXFileReference; lastKnownFileType = image.png; path = Tinker.png; sourceTree = "<group>"; };
		1C47A3AE223942C000A927CE /* Virgin.png */ = {isa = PBXFileReference; lastKnownFileType = image.png; path = Virgin.png; sourceTree = "<group>"; };
		1C47A3AF223942C000A927CE /* Villager.png */ = {isa = PBXFileReference; lastKnownFileType = image.png; path = Villager.png; sourceTree = "<group>"; };
		1C47A3B0223942C000A927CE /* Sucubus.png */ = {isa = PBXFileReference; lastKnownFileType = image.png; path = Sucubus.png; sourceTree = "<group>"; };
		1C47A3B1223942C000A927CE /* Chaman.png */ = {isa = PBXFileReference; lastKnownFileType = image.png; path = Chaman.png; sourceTree = "<group>"; };
		1C47A3BE2239432B00A927CE /* Dracula.png */ = {isa = PBXFileReference; lastKnownFileType = image.png; path = Dracula.png; sourceTree = "<group>"; };
		1C47A3C02239433300A927CE /* Vampire.png */ = {isa = PBXFileReference; lastKnownFileType = image.png; path = Vampire.png; sourceTree = "<group>"; };
		1C47A3C22239467900A927CE /* Happy Trigger.png */ = {isa = PBXFileReference; lastKnownFileType = image.png; path = "Happy Trigger.png"; sourceTree = "<group>"; };
		1C47A3C42239468200A927CE /* Little Boy.png */ = {isa = PBXFileReference; lastKnownFileType = image.png; path = "Little Boy.png"; sourceTree = "<group>"; };
		1C47A3C62239468700A927CE /* Priest.png */ = {isa = PBXFileReference; lastKnownFileType = image.png; path = Priest.png; sourceTree = "<group>"; };
		1C47A3C82239469000A927CE /* Carpenter.png */ = {isa = PBXFileReference; lastKnownFileType = image.png; path = Carpenter.png; sourceTree = "<group>"; };
		1C47A3CA2239469800A927CE /* Trader.png */ = {isa = PBXFileReference; lastKnownFileType = image.png; path = Trader.png; sourceTree = "<group>"; };
		1C47A3CE223C0F1200A927CE /* selectedPlayersForGameSessionTableViewController.swift */ = {isa = PBXFileReference; lastKnownFileType = sourcecode.swift; path = selectedPlayersForGameSessionTableViewController.swift; sourceTree = "<group>"; };
		1C47A3D0223C104A00A927CE /* selectedPlayersForGameSessionTableViewCell.swift */ = {isa = PBXFileReference; lastKnownFileType = sourcecode.swift; path = selectedPlayersForGameSessionTableViewCell.swift; sourceTree = "<group>"; };
		1C47A3D2223C227600A927CE /* add.png */ = {isa = PBXFileReference; lastKnownFileType = image.png; path = add.png; sourceTree = "<group>"; };
		1CB436272236E1D50052C59F /* playebleROlesTableViewController.swift */ = {isa = PBXFileReference; lastKnownFileType = sourcecode.swift; path = playebleROlesTableViewController.swift; sourceTree = "<group>"; };
		1CB436292236E5240052C59F /* PlayableRolesTableViewCell.swift */ = {isa = PBXFileReference; lastKnownFileType = sourcecode.swift; path = PlayableRolesTableViewCell.swift; sourceTree = "<group>"; };
		1CDFFF952232660700232283 /* player-1.png */ = {isa = PBXFileReference; lastKnownFileType = image.png; path = "player-1.png"; sourceTree = "<group>"; };
		5C83E2B702B0D004C2A7A689 /* Pods-testPlayerRealmAndChamelem.release.xcconfig */ = {isa = PBXFileReference; includeInIndex = 1; lastKnownFileType = text.xcconfig; name = "Pods-testPlayerRealmAndChamelem.release.xcconfig"; path = "Pods/Target Support Files/Pods-testPlayerRealmAndChamelem/Pods-testPlayerRealmAndChamelem.release.xcconfig"; sourceTree = "<group>"; };
		9AD1E0BA12AFF1B0991FEEC7 /* Pods_testPlayerRealmAndChamelem.framework */ = {isa = PBXFileReference; explicitFileType = wrapper.framework; includeInIndex = 0; path = Pods_testPlayerRealmAndChamelem.framework; sourceTree = BUILT_PRODUCTS_DIR; };
		AEB3D76989B96B72C56A05E7 /* Pods-testPlayerRealmAndChamelem.debug.xcconfig */ = {isa = PBXFileReference; includeInIndex = 1; lastKnownFileType = text.xcconfig; name = "Pods-testPlayerRealmAndChamelem.debug.xcconfig"; path = "Pods/Target Support Files/Pods-testPlayerRealmAndChamelem/Pods-testPlayerRealmAndChamelem.debug.xcconfig"; sourceTree = "<group>"; };
/* End PBXFileReference section */

/* Begin PBXFrameworksBuildPhase section */
		1C1DB83E22295D11001759FF /* Frameworks */ = {
			isa = PBXFrameworksBuildPhase;
			buildActionMask = 2147483647;
			files = (
				EC559D77BF95A4F6CF2EC007 /* Pods_testPlayerRealmAndChamelem.framework in Frameworks */,
			);
			runOnlyForDeploymentPostprocessing = 0;
		};
/* End PBXFrameworksBuildPhase section */

/* Begin PBXGroup section */
		0C5E9C192E3286C059A146E4 /* Frameworks */ = {
			isa = PBXGroup;
			children = (
				9AD1E0BA12AFF1B0991FEEC7 /* Pods_testPlayerRealmAndChamelem.framework */,
			);
			name = Frameworks;
			sourceTree = "<group>";
		};
		1C1DB83822295D11001759FF = {
			isa = PBXGroup;
			children = (
				1C1DB84322295D11001759FF /* testPlayerRealmAndChamelem */,
				1C1DB84222295D11001759FF /* Products */,
				BC3BEDA5B2585B9390048B51 /* Pods */,
				0C5E9C192E3286C059A146E4 /* Frameworks */,
			);
			sourceTree = "<group>";
		};
		1C1DB84222295D11001759FF /* Products */ = {
			isa = PBXGroup;
			children = (
				1C1DB84122295D11001759FF /* testPlayerRealmAndChamelem.app */,
			);
			name = Products;
			sourceTree = "<group>";
		};
		1C1DB84322295D11001759FF /* testPlayerRealmAndChamelem */ = {
			isa = PBXGroup;
			children = (
				1C1DB84422295D11001759FF /* AppDelegate.swift */,
				1C1DB85C22295DBC001759FF /* Model */,
				1C1DB85822295D3D001759FF /* Controllers */,
				1C1DB85922295D55001759FF /* View */,
				1C1DB84D22295D16001759FF /* Assets.xcassets */,
				1C47A3CD223BFAF200A927CE /* roRolesPics */,
				1C1DB84F22295D16001759FF /* LaunchScreen.storyboard */,
				1C1DB85222295D16001759FF /* Info.plist */,
			);
			path = testPlayerRealmAndChamelem;
			sourceTree = "<group>";
		};
		1C1DB85822295D3D001759FF /* Controllers */ = {
			isa = PBXGroup;
			children = (
				1C1DB86522295F26001759FF /* gameMenuViewController.swift */,
				1C1DB85D22295DFC001759FF /* playerLibTableViewController.swift */,
				1C1DB85F22295E24001759FF /* newPlayerViewController.swift */,
				1C1DB86322295E95001759FF /* playerProfileTableViewCell.swift */,
				1CB436272236E1D50052C59F /* playebleROlesTableViewController.swift */,
				1CB436292236E5240052C59F /* PlayableRolesTableViewCell.swift */,
				1C47A3CE223C0F1200A927CE /* selectedPlayersForGameSessionTableViewController.swift */,
				1C47A3D0223C104A00A927CE /* selectedPlayersForGameSessionTableViewCell.swift */,
			);
			path = Controllers;
			sourceTree = "<group>";
		};
		1C1DB85922295D55001759FF /* View */ = {
			isa = PBXGroup;
			children = (
				1C1DB84A22295D11001759FF /* Main.storyboard */,
			);
			path = View;
			sourceTree = "<group>";
		};
		1C1DB85C22295DBC001759FF /* Model */ = {
			isa = PBXGroup;
			children = (
				1C1DB85A22295D75001759FF /* Player.swift */,
			);
			path = Model;
			sourceTree = "<group>";
		};
		1C47A3CD223BFAF200A927CE /* roRolesPics */ = {
			isa = PBXGroup;
			children = (
				1C47A3D2223C227600A927CE /* add.png */,
				1C47A3B1223942C000A927CE /* Chaman.png */,
				1C47A3AA223942BF00A927CE /* Crusader.png */,
				1C47A3A422393FC700A927CE /* death.png */,
				1CDFFF952232660700232283 /* player-1.png */,
				1C47A3A7223942BD00A927CE /* Druid.png */,
				1C47A3A6223942BD00A927CE /* Fortune Teller.png */,
				1C47A3BE2239432B00A927CE /* Dracula.png */,
				1C47A3AC223942BF00A927CE /* Goul.png */,
				1C47A3C42239468200A927CE /* Little Boy.png */,
				1C47A3CA2239469800A927CE /* Trader.png */,
				1C47A3A8223942BE00A927CE /* Jolly Roger.png */,
				1C47A3C82239469000A927CE /* Carpenter.png */,
				1C47A3C22239467900A927CE /* Happy Trigger.png */,
				1C47A3B0223942C000A927CE /* Sucubus.png */,
				1C47A3C62239468700A927CE /* Priest.png */,
				1C47A3C02239433300A927CE /* Vampire.png */,
				1C47A3AD223942BF00A927CE /* Tinker.png */,
				1C47A3AF223942C000A927CE /* Villager.png */,
				1C47A3AE223942C000A927CE /* Virgin.png */,
				1C47A3AB223942BF00A927CE /* Werewolf.png */,
			);
			path = roRolesPics;
			sourceTree = "<group>";
		};
		BC3BEDA5B2585B9390048B51 /* Pods */ = {
			isa = PBXGroup;
			children = (
				AEB3D76989B96B72C56A05E7 /* Pods-testPlayerRealmAndChamelem.debug.xcconfig */,
				5C83E2B702B0D004C2A7A689 /* Pods-testPlayerRealmAndChamelem.release.xcconfig */,
			);
			name = Pods;
			sourceTree = "<group>";
		};
/* End PBXGroup section */

/* Begin PBXNativeTarget section */
		1C1DB84022295D11001759FF /* testPlayerRealmAndChamelem */ = {
			isa = PBXNativeTarget;
			buildConfigurationList = 1C1DB85522295D16001759FF /* Build configuration list for PBXNativeTarget "testPlayerRealmAndChamelem" */;
			buildPhases = (
				CD16224577F61F0D8477493C /* [CP] Check Pods Manifest.lock */,
				1C1DB83D22295D11001759FF /* Sources */,
				1C1DB83E22295D11001759FF /* Frameworks */,
				1C1DB83F22295D11001759FF /* Resources */,
				70031D9C3600D84D99E37AF0 /* [CP] Embed Pods Frameworks */,
			);
			buildRules = (
			);
			dependencies = (
			);
			name = testPlayerRealmAndChamelem;
			productName = testPlayerRealmAndChamelem;
			productReference = 1C1DB84122295D11001759FF /* testPlayerRealmAndChamelem.app */;
			productType = "com.apple.product-type.application";
		};
/* End PBXNativeTarget section */

/* Begin PBXProject section */
		1C1DB83922295D11001759FF /* Project object */ = {
			isa = PBXProject;
			attributes = {
				LastSwiftUpdateCheck = 1010;
				LastUpgradeCheck = 1010;
				ORGANIZATIONNAME = REDRebelRiots;
				TargetAttributes = {
					1C1DB84022295D11001759FF = {
						CreatedOnToolsVersion = 10.1;
						LastSwiftMigration = 1020;
					};
				};
			};
			buildConfigurationList = 1C1DB83C22295D11001759FF /* Build configuration list for PBXProject "testPlayerRealmAndChamelem" */;
			compatibilityVersion = "Xcode 9.3";
			developmentRegion = en;
			hasScannedForEncodings = 0;
			knownRegions = (
				en,
				Base,
			);
			mainGroup = 1C1DB83822295D11001759FF;
			productRefGroup = 1C1DB84222295D11001759FF /* Products */;
			projectDirPath = "";
			projectRoot = "";
			targets = (
				1C1DB84022295D11001759FF /* testPlayerRealmAndChamelem */,
			);
		};
/* End PBXProject section */

/* Begin PBXResourcesBuildPhase section */
		1C1DB83F22295D11001759FF /* Resources */ = {
			isa = PBXResourcesBuildPhase;
			buildActionMask = 2147483647;
			files = (
				1C1DB85122295D16001759FF /* LaunchScreen.storyboard in Resources */,
				1C1DB84E22295D16001759FF /* Assets.xcassets in Resources */,
				1C47A3C32239467900A927CE /* Happy Trigger.png in Resources */,
				1C47A3D3223C227700A927CE /* add.png in Resources */,
				1C47A3B9223942C000A927CE /* Tinker.png in Resources */,
				1C47A3B8223942C000A927CE /* Goul.png in Resources */,
				1CDFFF962232660700232283 /* player-1.png in Resources */,
				1C47A3BB223942C000A927CE /* Villager.png in Resources */,
				1C47A3B2223942C000A927CE /* Fortune Teller.png in Resources */,
				1C47A3BD223942C000A927CE /* Chaman.png in Resources */,
				1C47A3BA223942C000A927CE /* Virgin.png in Resources */,
				1C47A3C12239433300A927CE /* Vampire.png in Resources */,
				1C47A3B3223942C000A927CE /* Druid.png in Resources */,
				1C47A3C72239468800A927CE /* Priest.png in Resources */,
				1C47A3BC223942C000A927CE /* Sucubus.png in Resources */,
				1C47A3B6223942C000A927CE /* Crusader.png in Resources */,
				1C47A3CB2239469800A927CE /* Trader.png in Resources */,
				1C47A3B4223942C000A927CE /* Jolly Roger.png in Resources */,
				1C1DB84C22295D11001759FF /* Main.storyboard in Resources */,
				1C47A3A522393FC800A927CE /* death.png in Resources */,
				1C47A3C92239469100A927CE /* Carpenter.png in Resources */,
				1C47A3C52239468200A927CE /* Little Boy.png in Resources */,
				1C47A3B7223942C000A927CE /* Werewolf.png in Resources */,
				1C47A3BF2239432B00A927CE /* Dracula.png in Resources */,
			);
			runOnlyForDeploymentPostprocessing = 0;
		};
/* End PBXResourcesBuildPhase section */

/* Begin PBXShellScriptBuildPhase section */
		70031D9C3600D84D99E37AF0 /* [CP] Embed Pods Frameworks */ = {
			isa = PBXShellScriptBuildPhase;
			buildActionMask = 2147483647;
			files = (
			);
			inputFileListPaths = (
			);
			inputPaths = (
				"${SRCROOT}/Pods/Target Support Files/Pods-testPlayerRealmAndChamelem/Pods-testPlayerRealmAndChamelem-frameworks.sh",
				"${BUILT_PRODUCTS_DIR}/ChameleonFramework/ChameleonFramework.framework",
				"${BUILT_PRODUCTS_DIR}/Kingfisher/Kingfisher.framework",
				"${BUILT_PRODUCTS_DIR}/Realm/Realm.framework",
				"${BUILT_PRODUCTS_DIR}/RealmSwift/RealmSwift.framework",
			);
			name = "[CP] Embed Pods Frameworks";
			outputFileListPaths = (
			);
			outputPaths = (
				"${TARGET_BUILD_DIR}/${FRAMEWORKS_FOLDER_PATH}/ChameleonFramework.framework",
				"${TARGET_BUILD_DIR}/${FRAMEWORKS_FOLDER_PATH}/Kingfisher.framework",
				"${TARGET_BUILD_DIR}/${FRAMEWORKS_FOLDER_PATH}/Realm.framework",
				"${TARGET_BUILD_DIR}/${FRAMEWORKS_FOLDER_PATH}/RealmSwift.framework",
			);
			runOnlyForDeploymentPostprocessing = 0;
			shellPath = /bin/sh;
			shellScript = "\"${SRCROOT}/Pods/Target Support Files/Pods-testPlayerRealmAndChamelem/Pods-testPlayerRealmAndChamelem-frameworks.sh\"\n";
			showEnvVarsInLog = 0;
		};
		CD16224577F61F0D8477493C /* [CP] Check Pods Manifest.lock */ = {
			isa = PBXShellScriptBuildPhase;
			buildActionMask = 2147483647;
			files = (
			);
			inputFileListPaths = (
			);
			inputPaths = (
				"${PODS_PODFILE_DIR_PATH}/Podfile.lock",
				"${PODS_ROOT}/Manifest.lock",
			);
			name = "[CP] Check Pods Manifest.lock";
			outputFileListPaths = (
			);
			outputPaths = (
				"$(DERIVED_FILE_DIR)/Pods-testPlayerRealmAndChamelem-checkManifestLockResult.txt",
			);
			runOnlyForDeploymentPostprocessing = 0;
			shellPath = /bin/sh;
			shellScript = "diff \"${PODS_PODFILE_DIR_PATH}/Podfile.lock\" \"${PODS_ROOT}/Manifest.lock\" > /dev/null\nif [ $? != 0 ] ; then\n    # print error to STDERR\n    echo \"error: The sandbox is not in sync with the Podfile.lock. Run 'pod install' or update your CocoaPods installation.\" >&2\n    exit 1\nfi\n# This output is used by Xcode 'outputs' to avoid re-running this script phase.\necho \"SUCCESS\" > \"${SCRIPT_OUTPUT_FILE_0}\"\n";
			showEnvVarsInLog = 0;
		};
/* End PBXShellScriptBuildPhase section */

/* Begin PBXSourcesBuildPhase section */
		1C1DB83D22295D11001759FF /* Sources */ = {
			isa = PBXSourcesBuildPhase;
			buildActionMask = 2147483647;
			files = (
				1C47A3D1223C104A00A927CE /* selectedPlayersForGameSessionTableViewCell.swift in Sources */,
				1C1DB85B22295D75001759FF /* Player.swift in Sources */,
				1C1DB85E22295DFC001759FF /* playerLibTableViewController.swift in Sources */,
				1C47A3CF223C0F1200A927CE /* selectedPlayersForGameSessionTableViewController.swift in Sources */,
				1CB4362A2236E5240052C59F /* PlayableRolesTableViewCell.swift in Sources */,
				1CB436282236E1D50052C59F /* playebleROlesTableViewController.swift in Sources */,
				1C1DB86022295E24001759FF /* newPlayerViewController.swift in Sources */,
				1C1DB86422295E95001759FF /* playerProfileTableViewCell.swift in Sources */,
				1C1DB84522295D11001759FF /* AppDelegate.swift in Sources */,
				1C1DB86622295F26001759FF /* gameMenuViewController.swift in Sources */,
			);
			runOnlyForDeploymentPostprocessing = 0;
		};
/* End PBXSourcesBuildPhase section */

/* Begin PBXVariantGroup section */
		1C1DB84A22295D11001759FF /* Main.storyboard */ = {
			isa = PBXVariantGroup;
			children = (
				1C1DB84B22295D11001759FF /* Base */,
			);
			name = Main.storyboard;
			sourceTree = "<group>";
		};
		1C1DB84F22295D16001759FF /* LaunchScreen.storyboard */ = {
			isa = PBXVariantGroup;
			children = (
				1C1DB85022295D16001759FF /* Base */,
			);
			name = LaunchScreen.storyboard;
			sourceTree = "<group>";
		};
/* End PBXVariantGroup section */

/* Begin XCBuildConfiguration section */
		1C1DB85322295D16001759FF /* Debug */ = {
			isa = XCBuildConfiguration;
			buildSettings = {
				ALWAYS_SEARCH_USER_PATHS = NO;
				CLANG_ANALYZER_NONNULL = YES;
				CLANG_ANALYZER_NUMBER_OBJECT_CONVERSION = YES_AGGRESSIVE;
				CLANG_CXX_LANGUAGE_STANDARD = "gnu++14";
				CLANG_CXX_LIBRARY = "libc++";
				CLANG_ENABLE_MODULES = YES;
				CLANG_ENABLE_OBJC_ARC = YES;
				CLANG_ENABLE_OBJC_WEAK = YES;
				CLANG_WARN_BLOCK_CAPTURE_AUTORELEASING = YES;
				CLANG_WARN_BOOL_CONVERSION = YES;
				CLANG_WARN_COMMA = YES;
				CLANG_WARN_CONSTANT_CONVERSION = YES;
				CLANG_WARN_DEPRECATED_OBJC_IMPLEMENTATIONS = YES;
				CLANG_WARN_DIRECT_OBJC_ISA_USAGE = YES_ERROR;
				CLANG_WARN_DOCUMENTATION_COMMENTS = YES;
				CLANG_WARN_EMPTY_BODY = YES;
				CLANG_WARN_ENUM_CONVERSION = YES;
				CLANG_WARN_INFINITE_RECURSION = YES;
				CLANG_WARN_INT_CONVERSION = YES;
				CLANG_WARN_NON_LITERAL_NULL_CONVERSION = YES;
				CLANG_WARN_OBJC_IMPLICIT_RETAIN_SELF = YES;
				CLANG_WARN_OBJC_LITERAL_CONVERSION = YES;
				CLANG_WARN_OBJC_ROOT_CLASS = YES_ERROR;
				CLANG_WARN_RANGE_LOOP_ANALYSIS = YES;
				CLANG_WARN_STRICT_PROTOTYPES = YES;
				CLANG_WARN_SUSPICIOUS_MOVE = YES;
				CLANG_WARN_UNGUARDED_AVAILABILITY = YES_AGGRESSIVE;
				CLANG_WARN_UNREACHABLE_CODE = YES;
				CLANG_WARN__DUPLICATE_METHOD_MATCH = YES;
				CODE_SIGN_IDENTITY = "iPhone Developer";
				COPY_PHASE_STRIP = NO;
				DEBUG_INFORMATION_FORMAT = dwarf;
				ENABLE_STRICT_OBJC_MSGSEND = YES;
				ENABLE_TESTABILITY = YES;
				GCC_C_LANGUAGE_STANDARD = gnu11;
				GCC_DYNAMIC_NO_PIC = NO;
				GCC_NO_COMMON_BLOCKS = YES;
				GCC_OPTIMIZATION_LEVEL = 0;
				GCC_PREPROCESSOR_DEFINITIONS = (
					"DEBUG=1",
					"$(inherited)",
				);
				GCC_WARN_64_TO_32_BIT_CONVERSION = YES;
				GCC_WARN_ABOUT_RETURN_TYPE = YES_ERROR;
				GCC_WARN_UNDECLARED_SELECTOR = YES;
				GCC_WARN_UNINITIALIZED_AUTOS = YES_AGGRESSIVE;
				GCC_WARN_UNUSED_FUNCTION = YES;
				GCC_WARN_UNUSED_VARIABLE = YES;
				IPHONEOS_DEPLOYMENT_TARGET = 12.1;
				MTL_ENABLE_DEBUG_INFO = INCLUDE_SOURCE;
				MTL_FAST_MATH = YES;
				ONLY_ACTIVE_ARCH = YES;
				SDKROOT = iphoneos;
				SWIFT_ACTIVE_COMPILATION_CONDITIONS = DEBUG;
				SWIFT_OPTIMIZATION_LEVEL = "-Onone";
			};
			name = Debug;
		};
		1C1DB85422295D16001759FF /* Release */ = {
			isa = XCBuildConfiguration;
			buildSettings = {
				ALWAYS_SEARCH_USER_PATHS = NO;
				CLANG_ANALYZER_NONNULL = YES;
				CLANG_ANALYZER_NUMBER_OBJECT_CONVERSION = YES_AGGRESSIVE;
				CLANG_CXX_LANGUAGE_STANDARD = "gnu++14";
				CLANG_CXX_LIBRARY = "libc++";
				CLANG_ENABLE_MODULES = YES;
				CLANG_ENABLE_OBJC_ARC = YES;
				CLANG_ENABLE_OBJC_WEAK = YES;
				CLANG_WARN_BLOCK_CAPTURE_AUTORELEASING = YES;
				CLANG_WARN_BOOL_CONVERSION = YES;
				CLANG_WARN_COMMA = YES;
				CLANG_WARN_CONSTANT_CONVERSION = YES;
				CLANG_WARN_DEPRECATED_OBJC_IMPLEMENTATIONS = YES;
				CLANG_WARN_DIRECT_OBJC_ISA_USAGE = YES_ERROR;
				CLANG_WARN_DOCUMENTATION_COMMENTS = YES;
				CLANG_WARN_EMPTY_BODY = YES;
				CLANG_WARN_ENUM_CONVERSION = YES;
				CLANG_WARN_INFINITE_RECURSION = YES;
				CLANG_WARN_INT_CONVERSION = YES;
				CLANG_WARN_NON_LITERAL_NULL_CONVERSION = YES;
				CLANG_WARN_OBJC_IMPLICIT_RETAIN_SELF = YES;
				CLANG_WARN_OBJC_LITERAL_CONVERSION = YES;
				CLANG_WARN_OBJC_ROOT_CLASS = YES_ERROR;
				CLANG_WARN_RANGE_LOOP_ANALYSIS = YES;
				CLANG_WARN_STRICT_PROTOTYPES = YES;
				CLANG_WARN_SUSPICIOUS_MOVE = YES;
				CLANG_WARN_UNGUARDED_AVAILABILITY = YES_AGGRESSIVE;
				CLANG_WARN_UNREACHABLE_CODE = YES;
				CLANG_WARN__DUPLICATE_METHOD_MATCH = YES;
				CODE_SIGN_IDENTITY = "iPhone Developer";
				COPY_PHASE_STRIP = NO;
				DEBUG_INFORMATION_FORMAT = "dwarf-with-dsym";
				ENABLE_NS_ASSERTIONS = NO;
				ENABLE_STRICT_OBJC_MSGSEND = YES;
				GCC_C_LANGUAGE_STANDARD = gnu11;
				GCC_NO_COMMON_BLOCKS = YES;
				GCC_WARN_64_TO_32_BIT_CONVERSION = YES;
				GCC_WARN_ABOUT_RETURN_TYPE = YES_ERROR;
				GCC_WARN_UNDECLARED_SELECTOR = YES;
				GCC_WARN_UNINITIALIZED_AUTOS = YES_AGGRESSIVE;
				GCC_WARN_UNUSED_FUNCTION = YES;
				GCC_WARN_UNUSED_VARIABLE = YES;
				IPHONEOS_DEPLOYMENT_TARGET = 12.1;
				MTL_ENABLE_DEBUG_INFO = NO;
				MTL_FAST_MATH = YES;
				SDKROOT = iphoneos;
				SWIFT_COMPILATION_MODE = wholemodule;
				SWIFT_OPTIMIZATION_LEVEL = "-O";
				VALIDATE_PRODUCT = YES;
			};
			name = Release;
		};
		1C1DB85622295D16001759FF /* Debug */ = {
			isa = XCBuildConfiguration;
			baseConfigurationReference = AEB3D76989B96B72C56A05E7 /* Pods-testPlayerRealmAndChamelem.debug.xcconfig */;
			buildSettings = {
				ASSETCATALOG_COMPILER_APPICON_NAME = AppIcon;
				CODE_SIGN_STYLE = Automatic;
				DEVELOPMENT_TEAM = 58J7A2DRB7;
				INFOPLIST_FILE = testPlayerRealmAndChamelem/Info.plist;
				LD_RUNPATH_SEARCH_PATHS = (
					"$(inherited)",
					"@executable_path/Frameworks",
				);
				PRODUCT_BUNDLE_IDENTIFIER = com.REDRebelRiots.testPlayerRealmAndChamelem;
				PRODUCT_NAME = "$(TARGET_NAME)";
				SWIFT_VERSION = 5.0;
				TARGETED_DEVICE_FAMILY = "1,2";
			};
			name = Debug;
		};
		1C1DB85722295D16001759FF /* Release */ = {
			isa = XCBuildConfiguration;
			baseConfigurationReference = 5C83E2B702B0D004C2A7A689 /* Pods-testPlayerRealmAndChamelem.release.xcconfig */;
			buildSettings = {
				ASSETCATALOG_COMPILER_APPICON_NAME = AppIcon;
				CODE_SIGN_STYLE = Automatic;
				DEVELOPMENT_TEAM = 58J7A2DRB7;
				INFOPLIST_FILE = testPlayerRealmAndChamelem/Info.plist;
				LD_RUNPATH_SEARCH_PATHS = (
					"$(inherited)",
					"@executable_path/Frameworks",
				);
				PRODUCT_BUNDLE_IDENTIFIER = com.REDRebelRiots.testPlayerRealmAndChamelem;
				PRODUCT_NAME = "$(TARGET_NAME)";
				SWIFT_VERSION = 5.0;
				TARGETED_DEVICE_FAMILY = "1,2";
			};
			name = Release;
		};
/* End XCBuildConfiguration section */

/* Begin XCConfigurationList section */
		1C1DB83C22295D11001759FF /* Build configuration list for PBXProject "testPlayerRealmAndChamelem" */ = {
			isa = XCConfigurationList;
			buildConfigurations = (
				1C1DB85322295D16001759FF /* Debug */,
				1C1DB85422295D16001759FF /* Release */,
			);
			defaultConfigurationIsVisible = 0;
			defaultConfigurationName = Release;
		};
		1C1DB85522295D16001759FF /* Build configuration list for PBXNativeTarget "testPlayerRealmAndChamelem" */ = {
			isa = XCConfigurationList;
			buildConfigurations = (
				1C1DB85622295D16001759FF /* Debug */,
				1C1DB85722295D16001759FF /* Release */,
			);
			defaultConfigurationIsVisible = 0;
			defaultConfigurationName = Release;
		};
/* End XCConfigurationList section */
	};
	rootObject = 1C1DB83922295D11001759FF /* Project object */;
}
